// !$*UTF8*$!
{
	archiveVersion = 1;
	classes = {
	};
	objectVersion = 46;
	objects = {

/* Begin PBXBuildFile section */
		005CB58398E025BFFFB1ED73 /* Pods_StockCheckerTests.framework in Frameworks */ = {isa = PBXBuildFile; fileRef = DAB6B825D977C658F16EAD4B /* Pods_StockCheckerTests.framework */; };
		647311AFB8968092DFD86CBE /* Pods_StockChecker.framework in Frameworks */ = {isa = PBXBuildFile; fileRef = A7E97F3D3EC9E31D9DA96B0A /* Pods_StockChecker.framework */; };
		6510EEF81E46D98700ADC1CC /* BackgroundBehaviorController.swift in Sources */ = {isa = PBXBuildFile; fileRef = 6510EEF71E46D98700ADC1CC /* BackgroundBehaviorController.swift */; };
		652089701E3E497600A77DC9 /* DataController.swift in Sources */ = {isa = PBXBuildFile; fileRef = 6520896F1E3E497600A77DC9 /* DataController.swift */; };
		653166BE1E353BD800E66FC0 /* CoreData.framework in Frameworks */ = {isa = PBXBuildFile; fileRef = 653166BD1E353BD800E66FC0 /* CoreData.framework */; };
		653166C11E353C2600E66FC0 /* StockObjectDataModel.xcdatamodeld in Sources */ = {isa = PBXBuildFile; fileRef = 653166BF1E353C2600E66FC0 /* StockObjectDataModel.xcdatamodeld */; };
		658A2B6B1E4554780067AC41 /* StockTableViewCell.swift in Sources */ = {isa = PBXBuildFile; fileRef = 658A2B6A1E4554780067AC41 /* StockTableViewCell.swift */; };
		658FC65A1E341B330014E7CC /* AppDelegate.swift in Sources */ = {isa = PBXBuildFile; fileRef = 658FC6591E341B330014E7CC /* AppDelegate.swift */; };
		658FC65C1E341B330014E7CC /* MainPageViewController.swift in Sources */ = {isa = PBXBuildFile; fileRef = 658FC65B1E341B330014E7CC /* MainPageViewController.swift */; };
		658FC65F1E341B330014E7CC /* Main.storyboard in Resources */ = {isa = PBXBuildFile; fileRef = 658FC65D1E341B330014E7CC /* Main.storyboard */; };
		658FC6611E341B330014E7CC /* Assets.xcassets in Resources */ = {isa = PBXBuildFile; fileRef = 658FC6601E341B330014E7CC /* Assets.xcassets */; };
		658FC6641E341B330014E7CC /* LaunchScreen.storyboard in Resources */ = {isa = PBXBuildFile; fileRef = 658FC6621E341B330014E7CC /* LaunchScreen.storyboard */; };
		658FC66F1E341B340014E7CC /* StockCheckerTests.swift in Sources */ = {isa = PBXBuildFile; fileRef = 658FC66E1E341B340014E7CC /* StockCheckerTests.swift */; };
		65BFC6691E34510B00210163 /* StockObject.swift in Sources */ = {isa = PBXBuildFile; fileRef = 65BFC6681E34510B00210163 /* StockObject.swift */; };
		65BFC66B1E34553600210163 /* LastPollData.swift in Sources */ = {isa = PBXBuildFile; fileRef = 65BFC66A1E34553600210163 /* LastPollData.swift */; };
		65BFC66D1E345CAB00210163 /* AddPageViewController.swift in Sources */ = {isa = PBXBuildFile; fileRef = 65BFC66C1E345CAB00210163 /* AddPageViewController.swift */; };
		65D51CD11E49557900691F67 /* NotificationController.swift in Sources */ = {isa = PBXBuildFile; fileRef = 65D51CD01E49557900691F67 /* NotificationController.swift */; };
/* End PBXBuildFile section */

/* Begin PBXContainerItemProxy section */
		658FC66B1E341B340014E7CC /* PBXContainerItemProxy */ = {
			isa = PBXContainerItemProxy;
			containerPortal = 658FC64E1E341B330014E7CC /* Project object */;
			proxyType = 1;
			remoteGlobalIDString = 658FC6551E341B330014E7CC;
			remoteInfo = StockChecker;
		};
/* End PBXContainerItemProxy section */

/* Begin PBXFileReference section */
		0E86EC839140CCB9A1EA7C31 /* Pods-StockCheckerTests.release.xcconfig */ = {isa = PBXFileReference; includeInIndex = 1; lastKnownFileType = text.xcconfig; name = "Pods-StockCheckerTests.release.xcconfig"; path = "Pods/Target Support Files/Pods-StockCheckerTests/Pods-StockCheckerTests.release.xcconfig"; sourceTree = "<group>"; };
		6510EEF71E46D98700ADC1CC /* BackgroundBehaviorController.swift */ = {isa = PBXFileReference; fileEncoding = 4; lastKnownFileType = sourcecode.swift; path = BackgroundBehaviorController.swift; sourceTree = "<group>"; };
		6520896F1E3E497600A77DC9 /* DataController.swift */ = {isa = PBXFileReference; fileEncoding = 4; lastKnownFileType = sourcecode.swift; path = DataController.swift; sourceTree = "<group>"; usesTabs = 1; };
		653166BD1E353BD800E66FC0 /* CoreData.framework */ = {isa = PBXFileReference; lastKnownFileType = wrapper.framework; name = CoreData.framework; path = System/Library/Frameworks/CoreData.framework; sourceTree = SDKROOT; };
		653166C01E353C2600E66FC0 /* StockObjectDataModel.xcdatamodel */ = {isa = PBXFileReference; lastKnownFileType = wrapper.xcdatamodel; path = StockObjectDataModel.xcdatamodel; sourceTree = "<group>"; };
		658A2B6A1E4554780067AC41 /* StockTableViewCell.swift */ = {isa = PBXFileReference; fileEncoding = 4; lastKnownFileType = sourcecode.swift; path = StockTableViewCell.swift; sourceTree = "<group>"; };
		658FC6561E341B330014E7CC /* StockChecker.app */ = {isa = PBXFileReference; explicitFileType = wrapper.application; includeInIndex = 0; path = StockChecker.app; sourceTree = BUILT_PRODUCTS_DIR; };
		658FC6591E341B330014E7CC /* AppDelegate.swift */ = {isa = PBXFileReference; lastKnownFileType = sourcecode.swift; path = AppDelegate.swift; sourceTree = "<group>"; };
		658FC65B1E341B330014E7CC /* MainPageViewController.swift */ = {isa = PBXFileReference; lastKnownFileType = sourcecode.swift; path = MainPageViewController.swift; sourceTree = "<group>"; };
		658FC65E1E341B330014E7CC /* Base */ = {isa = PBXFileReference; lastKnownFileType = file.storyboard; name = Base; path = Base.lproj/Main.storyboard; sourceTree = "<group>"; };
		658FC6601E341B330014E7CC /* Assets.xcassets */ = {isa = PBXFileReference; lastKnownFileType = folder.assetcatalog; path = Assets.xcassets; sourceTree = "<group>"; };
		658FC6631E341B330014E7CC /* Base */ = {isa = PBXFileReference; lastKnownFileType = file.storyboard; name = Base; path = Base.lproj/LaunchScreen.storyboard; sourceTree = "<group>"; };
		658FC6651E341B330014E7CC /* Info.plist */ = {isa = PBXFileReference; lastKnownFileType = text.plist.xml; path = Info.plist; sourceTree = "<group>"; };
		658FC66A1E341B340014E7CC /* StockCheckerTests.xctest */ = {isa = PBXFileReference; explicitFileType = wrapper.cfbundle; includeInIndex = 0; path = StockCheckerTests.xctest; sourceTree = BUILT_PRODUCTS_DIR; };
		658FC66E1E341B340014E7CC /* StockCheckerTests.swift */ = {isa = PBXFileReference; lastKnownFileType = sourcecode.swift; path = StockCheckerTests.swift; sourceTree = "<group>"; };
		658FC6701E341B340014E7CC /* Info.plist */ = {isa = PBXFileReference; lastKnownFileType = text.plist.xml; path = Info.plist; sourceTree = "<group>"; };
		65BFC6681E34510B00210163 /* StockObject.swift */ = {isa = PBXFileReference; fileEncoding = 4; lastKnownFileType = sourcecode.swift; path = StockObject.swift; sourceTree = "<group>"; usesTabs = 1; };
		65BFC66A1E34553600210163 /* LastPollData.swift */ = {isa = PBXFileReference; fileEncoding = 4; lastKnownFileType = sourcecode.swift; path = LastPollData.swift; sourceTree = "<group>"; };
		65BFC66C1E345CAB00210163 /* AddPageViewController.swift */ = {isa = PBXFileReference; fileEncoding = 4; lastKnownFileType = sourcecode.swift; path = AddPageViewController.swift; sourceTree = "<group>"; usesTabs = 1; };
		65D51CD01E49557900691F67 /* NotificationController.swift */ = {isa = PBXFileReference; fileEncoding = 4; lastKnownFileType = sourcecode.swift; path = NotificationController.swift; sourceTree = "<group>"; };
		65EE1A3F1E47A01E000A9CA1 /* StockChecker.entitlements */ = {isa = PBXFileReference; lastKnownFileType = text.plist.entitlements; path = StockChecker.entitlements; sourceTree = "<group>"; };
		766DF9868A5AFBA15024629F /* Pods-StockCheckerTests.debug.xcconfig */ = {isa = PBXFileReference; includeInIndex = 1; lastKnownFileType = text.xcconfig; name = "Pods-StockCheckerTests.debug.xcconfig"; path = "Pods/Target Support Files/Pods-StockCheckerTests/Pods-StockCheckerTests.debug.xcconfig"; sourceTree = "<group>"; };
		A7E97F3D3EC9E31D9DA96B0A /* Pods_StockChecker.framework */ = {isa = PBXFileReference; explicitFileType = wrapper.framework; includeInIndex = 0; path = Pods_StockChecker.framework; sourceTree = BUILT_PRODUCTS_DIR; };
		D51E2756271403F3FD606BA0 /* Pods-StockChecker.release.xcconfig */ = {isa = PBXFileReference; includeInIndex = 1; lastKnownFileType = text.xcconfig; name = "Pods-StockChecker.release.xcconfig"; path = "Pods/Target Support Files/Pods-StockChecker/Pods-StockChecker.release.xcconfig"; sourceTree = "<group>"; };
		DAB6B825D977C658F16EAD4B /* Pods_StockCheckerTests.framework */ = {isa = PBXFileReference; explicitFileType = wrapper.framework; includeInIndex = 0; path = Pods_StockCheckerTests.framework; sourceTree = BUILT_PRODUCTS_DIR; };
		F51DD6142FD544A7E4B19A7F /* Pods-StockChecker.debug.xcconfig */ = {isa = PBXFileReference; includeInIndex = 1; lastKnownFileType = text.xcconfig; name = "Pods-StockChecker.debug.xcconfig"; path = "Pods/Target Support Files/Pods-StockChecker/Pods-StockChecker.debug.xcconfig"; sourceTree = "<group>"; };
/* End PBXFileReference section */

/* Begin PBXFrameworksBuildPhase section */
		658FC6531E341B330014E7CC /* Frameworks */ = {
			isa = PBXFrameworksBuildPhase;
			buildActionMask = 2147483647;
			files = (
				653166BE1E353BD800E66FC0 /* CoreData.framework in Frameworks */,
				647311AFB8968092DFD86CBE /* Pods_StockChecker.framework in Frameworks */,
			);
			runOnlyForDeploymentPostprocessing = 0;
		};
		658FC6671E341B340014E7CC /* Frameworks */ = {
			isa = PBXFrameworksBuildPhase;
			buildActionMask = 2147483647;
			files = (
				005CB58398E025BFFFB1ED73 /* Pods_StockCheckerTests.framework in Frameworks */,
			);
			runOnlyForDeploymentPostprocessing = 0;
		};
/* End PBXFrameworksBuildPhase section */

/* Begin PBXGroup section */
		653166BC1E353BD800E66FC0 /* Frameworks */ = {
			isa = PBXGroup;
			children = (
				653166BD1E353BD800E66FC0 /* CoreData.framework */,
				A7E97F3D3EC9E31D9DA96B0A /* Pods_StockChecker.framework */,
				DAB6B825D977C658F16EAD4B /* Pods_StockCheckerTests.framework */,
			);
			name = Frameworks;
			sourceTree = "<group>";
		};
		658FC64D1E341B330014E7CC = {
			isa = PBXGroup;
			children = (
				658FC6581E341B330014E7CC /* StockChecker */,
				658FC66D1E341B340014E7CC /* StockCheckerTests */,
				658FC6571E341B330014E7CC /* Products */,
				653166BC1E353BD800E66FC0 /* Frameworks */,
				F5A0CAA8B6C5B672899A7081 /* Pods */,
			);
			sourceTree = "<group>";
		};
		658FC6571E341B330014E7CC /* Products */ = {
			isa = PBXGroup;
			children = (
				658FC6561E341B330014E7CC /* StockChecker.app */,
				658FC66A1E341B340014E7CC /* StockCheckerTests.xctest */,
			);
			name = Products;
			sourceTree = "<group>";
		};
		658FC6581E341B330014E7CC /* StockChecker */ = {
			isa = PBXGroup;
			children = (
				65EE1A3F1E47A01E000A9CA1 /* StockChecker.entitlements */,
				658FC6591E341B330014E7CC /* AppDelegate.swift */,
				6510EEF71E46D98700ADC1CC /* BackgroundBehaviorController.swift */,
				6520896F1E3E497600A77DC9 /* DataController.swift */,
				65D51CD01E49557900691F67 /* NotificationController.swift */,
				658FC65B1E341B330014E7CC /* MainPageViewController.swift */,
				65BFC66C1E345CAB00210163 /* AddPageViewController.swift */,
				658FC65D1E341B330014E7CC /* Main.storyboard */,
				658A2B6A1E4554780067AC41 /* StockTableViewCell.swift */,
				653166BF1E353C2600E66FC0 /* StockObjectDataModel.xcdatamodeld */,
				658FC6601E341B330014E7CC /* Assets.xcassets */,
				658FC6621E341B330014E7CC /* LaunchScreen.storyboard */,
				658FC6651E341B330014E7CC /* Info.plist */,
				65BFC6681E34510B00210163 /* StockObject.swift */,
				65BFC66A1E34553600210163 /* LastPollData.swift */,
			);
			path = StockChecker;
			sourceTree = "<group>";
		};
		658FC66D1E341B340014E7CC /* StockCheckerTests */ = {
			isa = PBXGroup;
			children = (
				658FC66E1E341B340014E7CC /* StockCheckerTests.swift */,
				658FC6701E341B340014E7CC /* Info.plist */,
			);
			path = StockCheckerTests;
			sourceTree = "<group>";
		};
		F5A0CAA8B6C5B672899A7081 /* Pods */ = {
			isa = PBXGroup;
			children = (
				F51DD6142FD544A7E4B19A7F /* Pods-StockChecker.debug.xcconfig */,
				D51E2756271403F3FD606BA0 /* Pods-StockChecker.release.xcconfig */,
				766DF9868A5AFBA15024629F /* Pods-StockCheckerTests.debug.xcconfig */,
				0E86EC839140CCB9A1EA7C31 /* Pods-StockCheckerTests.release.xcconfig */,
			);
			name = Pods;
			sourceTree = "<group>";
		};
/* End PBXGroup section */

/* Begin PBXNativeTarget section */
		658FC6551E341B330014E7CC /* StockChecker */ = {
			isa = PBXNativeTarget;
			buildConfigurationList = 658FC6731E341B340014E7CC /* Build configuration list for PBXNativeTarget "StockChecker" */;
			buildPhases = (
				D3BB7D729112858813C5D8F7 /* [CP] Check Pods Manifest.lock */,
				658FC6521E341B330014E7CC /* Sources */,
				658FC6531E341B330014E7CC /* Frameworks */,
				658FC6541E341B330014E7CC /* Resources */,
				82989BC4B32E684174C9F406 /* [CP] Embed Pods Frameworks */,
				85ABA5B549FFA11AD5A3036C /* [CP] Copy Pods Resources */,
			);
			buildRules = (
			);
			dependencies = (
			);
			name = StockChecker;
			productName = StockChecker;
			productReference = 658FC6561E341B330014E7CC /* StockChecker.app */;
			productType = "com.apple.product-type.application";
		};
		658FC6691E341B340014E7CC /* StockCheckerTests */ = {
			isa = PBXNativeTarget;
			buildConfigurationList = 658FC6761E341B340014E7CC /* Build configuration list for PBXNativeTarget "StockCheckerTests" */;
			buildPhases = (
				882E520ADD877E88E755016B /* [CP] Check Pods Manifest.lock */,
				658FC6661E341B340014E7CC /* Sources */,
				658FC6671E341B340014E7CC /* Frameworks */,
				658FC6681E341B340014E7CC /* Resources */,
				8F1512112CAF951E30025F77 /* [CP] Embed Pods Frameworks */,
				1497EE7679F0D2E0B95ADC0F /* [CP] Copy Pods Resources */,
			);
			buildRules = (
			);
			dependencies = (
				658FC66C1E341B340014E7CC /* PBXTargetDependency */,
			);
			name = StockCheckerTests;
			productName = StockCheckerTests;
			productReference = 658FC66A1E341B340014E7CC /* StockCheckerTests.xctest */;
			productType = "com.apple.product-type.bundle.unit-test";
		};
/* End PBXNativeTarget section */

/* Begin PBXProject section */
		658FC64E1E341B330014E7CC /* Project object */ = {
			isa = PBXProject;
			attributes = {
				LastSwiftUpdateCheck = 0820;
				LastUpgradeCheck = 0820;
				ORGANIZATIONNAME = Daniel;
				TargetAttributes = {
					658FC6551E341B330014E7CC = {
						CreatedOnToolsVersion = 8.2.1;
						DevelopmentTeam = 2M5T52FXP9;
						ProvisioningStyle = Automatic;
						SystemCapabilities = {
							com.apple.BackgroundModes = {
								enabled = 1;
							};
							com.apple.Push = {
								enabled = 1;
							};
						};
					};
					658FC6691E341B340014E7CC = {
						CreatedOnToolsVersion = 8.2.1;
						ProvisioningStyle = Automatic;
						TestTargetID = 658FC6551E341B330014E7CC;
					};
				};
			};
			buildConfigurationList = 658FC6511E341B330014E7CC /* Build configuration list for PBXProject "StockChecker" */;
			compatibilityVersion = "Xcode 3.2";
			developmentRegion = English;
			hasScannedForEncodings = 0;
			knownRegions = (
				en,
				Base,
			);
			mainGroup = 658FC64D1E341B330014E7CC;
			productRefGroup = 658FC6571E341B330014E7CC /* Products */;
			projectDirPath = "";
			projectRoot = "";
			targets = (
				658FC6551E341B330014E7CC /* StockChecker */,
				658FC6691E341B340014E7CC /* StockCheckerTests */,
			);
		};
/* End PBXProject section */

/* Begin PBXResourcesBuildPhase section */
		658FC6541E341B330014E7CC /* Resources */ = {
			isa = PBXResourcesBuildPhase;
			buildActionMask = 2147483647;
			files = (
				658FC6641E341B330014E7CC /* LaunchScreen.storyboard in Resources */,
				658FC6611E341B330014E7CC /* Assets.xcassets in Resources */,
				658FC65F1E341B330014E7CC /* Main.storyboard in Resources */,
			);
			runOnlyForDeploymentPostprocessing = 0;
		};
		658FC6681E341B340014E7CC /* Resources */ = {
			isa = PBXResourcesBuildPhase;
			buildActionMask = 2147483647;
			files = (
			);
			runOnlyForDeploymentPostprocessing = 0;
		};
/* End PBXResourcesBuildPhase section */

/* Begin PBXShellScriptBuildPhase section */
		1497EE7679F0D2E0B95ADC0F /* [CP] Copy Pods Resources */ = {
			isa = PBXShellScriptBuildPhase;
			buildActionMask = 2147483647;
			files = (
			);
			inputPaths = (
			);
			name = "[CP] Copy Pods Resources";
			outputPaths = (
			);
			runOnlyForDeploymentPostprocessing = 0;
			shellPath = /bin/sh;
			shellScript = "\"${SRCROOT}/Pods/Target Support Files/Pods-StockCheckerTests/Pods-StockCheckerTests-resources.sh\"\n";
			showEnvVarsInLog = 0;
		};
		82989BC4B32E684174C9F406 /* [CP] Embed Pods Frameworks */ = {
			isa = PBXShellScriptBuildPhase;
			buildActionMask = 2147483647;
			files = (
			);
			inputPaths = (
			);
			name = "[CP] Embed Pods Frameworks";
			outputPaths = (
			);
			runOnlyForDeploymentPostprocessing = 0;
			shellPath = /bin/sh;
			shellScript = "\"${SRCROOT}/Pods/Target Support Files/Pods-StockChecker/Pods-StockChecker-frameworks.sh\"\n";
			showEnvVarsInLog = 0;
		};
		85ABA5B549FFA11AD5A3036C /* [CP] Copy Pods Resources */ = {
			isa = PBXShellScriptBuildPhase;
			buildActionMask = 2147483647;
			files = (
			);
			inputPaths = (
			);
			name = "[CP] Copy Pods Resources";
			outputPaths = (
			);
			runOnlyForDeploymentPostprocessing = 0;
			shellPath = /bin/sh;
			shellScript = "\"${SRCROOT}/Pods/Target Support Files/Pods-StockChecker/Pods-StockChecker-resources.sh\"\n";
			showEnvVarsInLog = 0;
		};
		882E520ADD877E88E755016B /* [CP] Check Pods Manifest.lock */ = {
			isa = PBXShellScriptBuildPhase;
			buildActionMask = 2147483647;
			files = (
			);
			inputPaths = (
			);
			name = "[CP] Check Pods Manifest.lock";
			outputPaths = (
			);
			runOnlyForDeploymentPostprocessing = 0;
			shellPath = /bin/sh;
			shellScript = "diff \"${PODS_ROOT}/../Podfile.lock\" \"${PODS_ROOT}/Manifest.lock\" > /dev/null\nif [ $? != 0 ] ; then\n    # print error to STDERR\n    echo \"error: The sandbox is not in sync with the Podfile.lock. Run 'pod install' or update your CocoaPods installation.\" >&2\n    exit 1\nfi\n";
			showEnvVarsInLog = 0;
		};
		8F1512112CAF951E30025F77 /* [CP] Embed Pods Frameworks */ = {
			isa = PBXShellScriptBuildPhase;
			buildActionMask = 2147483647;
			files = (
			);
			inputPaths = (
			);
			name = "[CP] Embed Pods Frameworks";
			outputPaths = (
			);
			runOnlyForDeploymentPostprocessing = 0;
			shellPath = /bin/sh;
			shellScript = "\"${SRCROOT}/Pods/Target Support Files/Pods-StockCheckerTests/Pods-StockCheckerTests-frameworks.sh\"\n";
			showEnvVarsInLog = 0;
		};
		D3BB7D729112858813C5D8F7 /* [CP] Check Pods Manifest.lock */ = {
			isa = PBXShellScriptBuildPhase;
			buildActionMask = 2147483647;
			files = (
			);
			inputPaths = (
			);
			name = "[CP] Check Pods Manifest.lock";
			outputPaths = (
			);
			runOnlyForDeploymentPostprocessing = 0;
			shellPath = /bin/sh;
			shellScript = "diff \"${PODS_ROOT}/../Podfile.lock\" \"${PODS_ROOT}/Manifest.lock\" > /dev/null\nif [ $? != 0 ] ; then\n    # print error to STDERR\n    echo \"error: The sandbox is not in sync with the Podfile.lock. Run 'pod install' or update your CocoaPods installation.\" >&2\n    exit 1\nfi\n";
			showEnvVarsInLog = 0;
		};
/* End PBXShellScriptBuildPhase section */

/* Begin PBXSourcesBuildPhase section */
		658FC6521E341B330014E7CC /* Sources */ = {
			isa = PBXSourcesBuildPhase;
			buildActionMask = 2147483647;
			files = (
				65D51CD11E49557900691F67 /* NotificationController.swift in Sources */,
				652089701E3E497600A77DC9 /* DataController.swift in Sources */,
				658FC65C1E341B330014E7CC /* MainPageViewController.swift in Sources */,
				658A2B6B1E4554780067AC41 /* StockTableViewCell.swift in Sources */,
				653166C11E353C2600E66FC0 /* StockObjectDataModel.xcdatamodeld in Sources */,
				658FC65A1E341B330014E7CC /* AppDelegate.swift in Sources */,
				6510EEF81E46D98700ADC1CC /* BackgroundBehaviorController.swift in Sources */,
				65BFC66D1E345CAB00210163 /* AddPageViewController.swift in Sources */,
				65BFC6691E34510B00210163 /* StockObject.swift in Sources */,
				65BFC66B1E34553600210163 /* LastPollData.swift in Sources */,
			);
			runOnlyForDeploymentPostprocessing = 0;
		};
		658FC6661E341B340014E7CC /* Sources */ = {
			isa = PBXSourcesBuildPhase;
			buildActionMask = 2147483647;
			files = (
				658FC66F1E341B340014E7CC /* StockCheckerTests.swift in Sources */,
			);
			runOnlyForDeploymentPostprocessing = 0;
		};
/* End PBXSourcesBuildPhase section */

/* Begin PBXTargetDependency section */
		658FC66C1E341B340014E7CC /* PBXTargetDependency */ = {
			isa = PBXTargetDependency;
			target = 658FC6551E341B330014E7CC /* StockChecker */;
			targetProxy = 658FC66B1E341B340014E7CC /* PBXContainerItemProxy */;
		};
/* End PBXTargetDependency section */

/* Begin PBXVariantGroup section */
		658FC65D1E341B330014E7CC /* Main.storyboard */ = {
			isa = PBXVariantGroup;
			children = (
				658FC65E1E341B330014E7CC /* Base */,
			);
			name = Main.storyboard;
			sourceTree = "<group>";
		};
		658FC6621E341B330014E7CC /* LaunchScreen.storyboard */ = {
			isa = PBXVariantGroup;
			children = (
				658FC6631E341B330014E7CC /* Base */,
			);
			name = LaunchScreen.storyboard;
			sourceTree = "<group>";
		};
/* End PBXVariantGroup section */

/* Begin XCBuildConfiguration section */
		658FC6711E341B340014E7CC /* Debug */ = {
			isa = XCBuildConfiguration;
			buildSettings = {
				ALWAYS_SEARCH_USER_PATHS = NO;
				CLANG_ANALYZER_NONNULL = YES;
				CLANG_CXX_LANGUAGE_STANDARD = "gnu++0x";
				CLANG_CXX_LIBRARY = "libc++";
				CLANG_ENABLE_MODULES = YES;
				CLANG_ENABLE_OBJC_ARC = YES;
				CLANG_WARN_BOOL_CONVERSION = YES;
				CLANG_WARN_CONSTANT_CONVERSION = YES;
				CLANG_WARN_DIRECT_OBJC_ISA_USAGE = YES_ERROR;
				CLANG_WARN_DOCUMENTATION_COMMENTS = YES;
				CLANG_WARN_EMPTY_BODY = YES;
				CLANG_WARN_ENUM_CONVERSION = YES;
				CLANG_WARN_INFINITE_RECURSION = YES;
				CLANG_WARN_INT_CONVERSION = YES;
				CLANG_WARN_OBJC_ROOT_CLASS = YES_ERROR;
				CLANG_WARN_SUSPICIOUS_MOVE = YES;
				CLANG_WARN_UNREACHABLE_CODE = YES;
				CLANG_WARN__DUPLICATE_METHOD_MATCH = YES;
				"CODE_SIGN_IDENTITY[sdk=iphoneos*]" = "iPhone Developer";
				COPY_PHASE_STRIP = NO;
				DEBUG_INFORMATION_FORMAT = dwarf;
				ENABLE_STRICT_OBJC_MSGSEND = YES;
				ENABLE_TESTABILITY = YES;
				GCC_C_LANGUAGE_STANDARD = gnu99;
				GCC_DYNAMIC_NO_PIC = NO;
				GCC_NO_COMMON_BLOCKS = YES;
				GCC_OPTIMIZATION_LEVEL = 0;
				GCC_PREPROCESSOR_DEFINITIONS = (
					"DEBUG=1",
					"$(inherited)",
				);
				GCC_WARN_64_TO_32_BIT_CONVERSION = YES;
				GCC_WARN_ABOUT_RETURN_TYPE = YES_ERROR;
				GCC_WARN_UNDECLARED_SELECTOR = YES;
				GCC_WARN_UNINITIALIZED_AUTOS = YES_AGGRESSIVE;
				GCC_WARN_UNUSED_FUNCTION = YES;
				GCC_WARN_UNUSED_VARIABLE = YES;
				IPHONEOS_DEPLOYMENT_TARGET = 10.2;
				MTL_ENABLE_DEBUG_INFO = YES;
				ONLY_ACTIVE_ARCH = YES;
				SDKROOT = iphoneos;
				SWIFT_ACTIVE_COMPILATION_CONDITIONS = DEBUG;
				SWIFT_OPTIMIZATION_LEVEL = "-Onone";
				TARGETED_DEVICE_FAMILY = "1,2";
			};
			name = Debug;
		};
		658FC6721E341B340014E7CC /* Release */ = {
			isa = XCBuildConfiguration;
			buildSettings = {
				ALWAYS_SEARCH_USER_PATHS = NO;
				CLANG_ANALYZER_NONNULL = YES;
				CLANG_CXX_LANGUAGE_STANDARD = "gnu++0x";
				CLANG_CXX_LIBRARY = "libc++";
				CLANG_ENABLE_MODULES = YES;
				CLANG_ENABLE_OBJC_ARC = YES;
				CLANG_WARN_BOOL_CONVERSION = YES;
				CLANG_WARN_CONSTANT_CONVERSION = YES;
				CLANG_WARN_DIRECT_OBJC_ISA_USAGE = YES_ERROR;
				CLANG_WARN_DOCUMENTATION_COMMENTS = YES;
				CLANG_WARN_EMPTY_BODY = YES;
				CLANG_WARN_ENUM_CONVERSION = YES;
				CLANG_WARN_INFINITE_RECURSION = YES;
				CLANG_WARN_INT_CONVERSION = YES;
				CLANG_WARN_OBJC_ROOT_CLASS = YES_ERROR;
				CLANG_WARN_SUSPICIOUS_MOVE = YES;
				CLANG_WARN_UNREACHABLE_CODE = YES;
				CLANG_WARN__DUPLICATE_METHOD_MATCH = YES;
				"CODE_SIGN_IDENTITY[sdk=iphoneos*]" = "iPhone Developer";
				COPY_PHASE_STRIP = NO;
				DEBUG_INFORMATION_FORMAT = "dwarf-with-dsym";
				ENABLE_NS_ASSERTIONS = NO;
				ENABLE_STRICT_OBJC_MSGSEND = YES;
				GCC_C_LANGUAGE_STANDARD = gnu99;
				GCC_NO_COMMON_BLOCKS = YES;
				GCC_WARN_64_TO_32_BIT_CONVERSION = YES;
				GCC_WARN_ABOUT_RETURN_TYPE = YES_ERROR;
				GCC_WARN_UNDECLARED_SELECTOR = YES;
				GCC_WARN_UNINITIALIZED_AUTOS = YES_AGGRESSIVE;
				GCC_WARN_UNUSED_FUNCTION = YES;
				GCC_WARN_UNUSED_VARIABLE = YES;
				IPHONEOS_DEPLOYMENT_TARGET = 10.2;
				MTL_ENABLE_DEBUG_INFO = NO;
				SDKROOT = iphoneos;
				SWIFT_OPTIMIZATION_LEVEL = "-Owholemodule";
				TARGETED_DEVICE_FAMILY = "1,2";
				VALIDATE_PRODUCT = YES;
			};
			name = Release;
		};
		658FC6741E341B340014E7CC /* Debug */ = {
			isa = XCBuildConfiguration;
			baseConfigurationReference = F51DD6142FD544A7E4B19A7F /* Pods-StockChecker.debug.xcconfig */;
			buildSettings = {
				ASSETCATALOG_COMPILER_APPICON_NAME = AppIcon;
				CODE_SIGN_ENTITLEMENTS = StockChecker/StockChecker.entitlements;
				"CODE_SIGN_IDENTITY[sdk=iphoneos*]" = "iPhone Developer";
				DEVELOPMENT_TEAM = 2M5T52FXP9;
				INFOPLIST_FILE = StockChecker/Info.plist;
				IPHONEOS_DEPLOYMENT_TARGET = 10.2;
				LD_RUNPATH_SEARCH_PATHS = "$(inherited) @executable_path/Frameworks";
				PRODUCT_BUNDLE_IDENTIFIER = "com.daniel-goldman.StockChecker";
				PRODUCT_NAME = "$(TARGET_NAME)";
				SWIFT_VERSION = 3.0;
			};
			name = Debug;
		};
		658FC6751E341B340014E7CC /* Release */ = {
			isa = XCBuildConfiguration;
			baseConfigurationReference = D51E2756271403F3FD606BA0 /* Pods-StockChecker.release.xcconfig */;
			buildSettings = {
				ASSETCATALOG_COMPILER_APPICON_NAME = AppIcon;
				CODE_SIGN_ENTITLEMENTS = StockChecker/StockChecker.entitlements;
				"CODE_SIGN_IDENTITY[sdk=iphoneos*]" = "iPhone Developer";
				DEVELOPMENT_TEAM = 2M5T52FXP9;
				INFOPLIST_FILE = StockChecker/Info.plist;
				IPHONEOS_DEPLOYMENT_TARGET = 10.2;
				LD_RUNPATH_SEARCH_PATHS = "$(inherited) @executable_path/Frameworks";
				PRODUCT_BUNDLE_IDENTIFIER = "com.daniel-goldman.StockChecker";
				PRODUCT_NAME = "$(TARGET_NAME)";
				SWIFT_VERSION = 3.0;
			};
			name = Release;
		};
		658FC6771E341B340014E7CC /* Debug */ = {
			isa = XCBuildConfiguration;
			baseConfigurationReference = 766DF9868A5AFBA15024629F /* Pods-StockCheckerTests.debug.xcconfig */;
			buildSettings = {
				ALWAYS_EMBED_SWIFT_STANDARD_LIBRARIES = YES;
				BUNDLE_LOADER = "$(TEST_HOST)";
				INFOPLIST_FILE = StockCheckerTests/Info.plist;
				LD_RUNPATH_SEARCH_PATHS = "$(inherited) @executable_path/Frameworks @loader_path/Frameworks";
				PRODUCT_BUNDLE_IDENTIFIER = com.daniel.StockCheckerTests;
				PRODUCT_NAME = "$(TARGET_NAME)";
				SWIFT_VERSION = 3.0;
				TEST_HOST = "$(BUILT_PRODUCTS_DIR)/StockChecker.app/StockChecker";
			};
			name = Debug;
		};
		658FC6781E341B340014E7CC /* Release */ = {
			isa = XCBuildConfiguration;
			baseConfigurationReference = 0E86EC839140CCB9A1EA7C31 /* Pods-StockCheckerTests.release.xcconfig */;
			buildSettings = {
				ALWAYS_EMBED_SWIFT_STANDARD_LIBRARIES = YES;
				BUNDLE_LOADER = "$(TEST_HOST)";
				INFOPLIST_FILE = StockCheckerTests/Info.plist;
				LD_RUNPATH_SEARCH_PATHS = "$(inherited) @executable_path/Frameworks @loader_path/Frameworks";
				PRODUCT_BUNDLE_IDENTIFIER = com.daniel.StockCheckerTests;
				PRODUCT_NAME = "$(TARGET_NAME)";
				SWIFT_VERSION = 3.0;
				TEST_HOST = "$(BUILT_PRODUCTS_DIR)/StockChecker.app/StockChecker";
			};
			name = Release;
		};
/* End XCBuildConfiguration section */

/* Begin XCConfigurationList section */
		658FC6511E341B330014E7CC /* Build configuration list for PBXProject "StockChecker" */ = {
			isa = XCConfigurationList;
			buildConfigurations = (
				658FC6711E341B340014E7CC /* Debug */,
				658FC6721E341B340014E7CC /* Release */,
			);
			defaultConfigurationIsVisible = 0;
			defaultConfigurationName = Release;
		};
		658FC6731E341B340014E7CC /* Build configuration list for PBXNativeTarget "StockChecker" */ = {
			isa = XCConfigurationList;
			buildConfigurations = (
				658FC6741E341B340014E7CC /* Debug */,
				658FC6751E341B340014E7CC /* Release */,
			);
			defaultConfigurationIsVisible = 0;
			defaultConfigurationName = Release;
		};
		658FC6761E341B340014E7CC /* Build configuration list for PBXNativeTarget "StockCheckerTests" */ = {
			isa = XCConfigurationList;
			buildConfigurations = (
				658FC6771E341B340014E7CC /* Debug */,
				658FC6781E341B340014E7CC /* Release */,
			);
			defaultConfigurationIsVisible = 0;
			defaultConfigurationName = Release;
		};
/* End XCConfigurationList section */

/* Begin XCVersionGroup section */
		653166BF1E353C2600E66FC0 /* StockObjectDataModel.xcdatamodeld */ = {
			isa = XCVersionGroup;
			children = (
				653166C01E353C2600E66FC0 /* StockObjectDataModel.xcdatamodel */,
			);
			currentVersion = 653166C01E353C2600E66FC0 /* StockObjectDataModel.xcdatamodel */;
			path = StockObjectDataModel.xcdatamodeld;
			sourceTree = "<group>";
			versionGroupType = wrapper.xcdatamodel;
		};
/* End XCVersionGroup section */
	};
	rootObject = 658FC64E1E341B330014E7CC /* Project object */;
}
